{"version":4,"terraform_version":"1.10.2","serial":1,"lineage":"ec6f1822-9a86-8a9e-a94f-d1d9a394fffc","outputs":{},"resources":[{"mode":"managed","type":"keycloak_organization","name":"this","provider":"provider[\"registry.opentofu.org/keycloak/keycloak\"]","instances":[{"schema_version":0,"attributes":{"alias":"organization_alala","attributes":{},"description":"","domain":[{"name":"alala.com","verified":false}],"enabled":true,"id":"96ad1c71-817e-4c2e-b9da-9db26846f811","name":"organization_alala","realm":"tenant_a","redirect_url":""},"sensitive_attributes":[],"private":"bnVsbA=="}]}],"check_results":null}
