{"version":4,"terraform_version":"1.10.2","serial":2,"lineage":"ec6f1822-9a86-8a9e-a94f-d1d9a394fffc","outputs":{},"resources":[{"mode":"managed","type":"keycloak_organization","name":"organization_creator","provider":"provider[\"registry.opentofu.org/keycloak/keycloak\"]","instances":[{"schema_version":0,"attributes":{"alias":"organization_corp","attributes":{},"description":"","domain":[{"name":"domdom.com","verified":false}],"enabled":true,"id":"95e92f08-6ea8-4bf3-b7c0-eb3767fe7467","name":"organization_corp","realm":"tenant_abc","redirect_url":""},"sensitive_attributes":[],"private":"bnVsbA=="}]}],"check_results":null}
