{"version":4,"terraform_version":"1.10.2","serial":34,"lineage":"f5c3fc78-9625-15bb-99ff-1c0f822a05d8","outputs":{},"resources":[{"mode":"managed","type":"keycloak_group","name":"company_a","provider":"provider[\"registry.opentofu.org/keycloak/keycloak\"]","instances":[{"schema_version":0,"attributes":{"attributes":{},"id":"23332045-175a-4390-9574-bf8fd59a51c5","name":"company A","parent_id":null,"path":"/company A","realm_id":"tenant_a"},"sensitive_attributes":[],"private":"bnVsbA==","dependencies":["keycloak_realm.tenant_a"]}]},{"mode":"managed","type":"keycloak_openid_client","name":"tenant_a_client","provider":"provider[\"registry.opentofu.org/keycloak/keycloak\"]","instances":[{"schema_version":0,"attributes":{"access_token_lifespan":"","access_type":"PUBLIC","admin_url":"","allow_refresh_token_in_standard_token_exchange":"","always_display_in_console":false,"authentication_flow_binding_overrides":[],"authorization":[],"backchannel_logout_revoke_offline_sessions":false,"backchannel_logout_session_required":true,"backchannel_logout_url":"","base_url":"","client_authenticator_type":"client-secret","client_id":"frontend","client_offline_session_idle_timeout":"","client_offline_session_max_lifespan":"","client_secret":"","client_secret_regenerate_when_changed":null,"client_secret_wo":null,"client_secret_wo_version":null,"client_session_idle_timeout":"","client_session_max_lifespan":"","consent_required":false,"consent_screen_text":"","description":"","direct_access_grants_enabled":true,"display_on_consent_screen":false,"enabled":true,"exclude_issuer_from_auth_response":null,"exclude_session_state_from_auth_response":null,"extra_config":{},"frontchannel_logout_enabled":false,"frontchannel_logout_url":"","full_scope_allowed":true,"id":"d3625cac-c8f2-4998-9e59-36e092bfa48a","implicit_flow_enabled":false,"import":false,"login_theme":"","name":"Frontend Client","oauth2_device_authorization_grant_enabled":false,"oauth2_device_code_lifespan":"","oauth2_device_polling_interval":"","pkce_code_challenge_method":null,"realm_id":"tenant_a","resource_server_id":null,"root_url":"","service_account_user_id":"","service_accounts_enabled":false,"standard_flow_enabled":true,"standard_token_exchange_enabled":false,"use_refresh_tokens":true,"use_refresh_tokens_client_credentials":false,"valid_post_logout_redirect_uris":[],"valid_redirect_uris":["http://localhost:3000/*"],"web_origins":[]},"sensitive_attributes":[[{"type":"get_attr","value":"client_secret"}],[{"type":"get_attr","value":"client_secret_wo"}]],"private":"bnVsbA==","dependencies":["keycloak_realm.tenant_a"]}]},{"mode":"managed","type":"keycloak_organization","name":"this","provider":"provider[\"registry.opentofu.org/keycloak/keycloak\"]","instances":[{"schema_version":0,"attributes":{"alias":"organization_alala","attributes":{},"description":"","domain":[{"name":"alala.com","verified":false}],"enabled":true,"id":"8e97c031-d911-45a7-b7e9-16380590149f","name":"organization_alala","realm":"tenant_a","redirect_url":""},"sensitive_attributes":[],"private":"bnVsbA=="}]},{"mode":"managed","type":"keycloak_realm","name":"tenant_a","provider":"provider[\"registry.opentofu.org/keycloak/keycloak\"]","instances":[{"schema_version":0,"attributes":{"access_code_lifespan":"1m0s","access_code_lifespan_login":"30m0s","access_code_lifespan_user_action":"5m0s","access_token_lifespan":"5m0s","access_token_lifespan_for_implicit_flow":"15m0s","account_theme":"","action_token_generated_by_admin_lifespan":"12h0m0s","action_token_generated_by_user_lifespan":"5m0s","admin_theme":"","attributes":{},"browser_flow":"browser","client_authentication_flow":"clients","client_session_idle_timeout":"0s","client_session_max_lifespan":"0s","default_default_client_scopes":[],"default_optional_client_scopes":[],"default_signature_algorithm":"","direct_grant_flow":"direct grant","display_name":"","display_name_html":"","docker_authentication_flow":"docker auth","duplicate_emails_allowed":false,"edit_username_allowed":false,"email_theme":"","enabled":true,"first_broker_login_flow":"first broker login","id":"tenant_a","internal_id":"tenant_a","internationalization":[],"login_theme":"","login_with_email_allowed":false,"oauth2_device_code_lifespan":"10m0s","oauth2_device_polling_interval":5,"offline_session_idle_timeout":"720h0m0s","offline_session_max_lifespan":"1440h0m0s","offline_session_max_lifespan_enabled":false,"organizations_enabled":true,"otp_policy":[{"algorithm":"HmacSHA1","digits":6,"initial_counter":0,"look_ahead_window":1,"period":30,"type":"totp"}],"password_policy":"","realm":"tenant_a","refresh_token_max_reuse":0,"registration_allowed":false,"registration_email_as_username":false,"registration_flow":"registration","remember_me":false,"reset_credentials_flow":"reset credentials","reset_password_allowed":false,"revoke_refresh_token":false,"security_defenses":[],"smtp_server":[],"ssl_required":"external","sso_session_idle_timeout":"30m0s","sso_session_idle_timeout_remember_me":"0s","sso_session_max_lifespan":"10h0m0s","sso_session_max_lifespan_remember_me":"0s","user_managed_access":false,"verify_email":false,"web_authn_passwordless_policy":[{"acceptable_aaguids":[],"attestation_conveyance_preference":"not specified","authenticator_attachment":"not specified","avoid_same_authenticator_register":false,"create_timeout":0,"extra_origins":[],"relying_party_entity_name":"keycloak","relying_party_id":"","require_resident_key":"not specified","signature_algorithms":["ES256","RS256"],"user_verification_requirement":"not specified"}],"web_authn_policy":[{"acceptable_aaguids":[],"attestation_conveyance_preference":"not specified","authenticator_attachment":"not specified","avoid_same_authenticator_register":false,"create_timeout":0,"extra_origins":[],"relying_party_entity_name":"keycloak","relying_party_id":"","require_resident_key":"not specified","signature_algorithms":["ES256","RS256"],"user_verification_requirement":"not specified"}]},"sensitive_attributes":[],"private":"bnVsbA=="}]}],"check_results":null}
